{
  "name": "interview-autograding-template",
  "version": "0.1.0",
  "lockfileVersion": 3,
  "requires": true,
  "packages": {
    "": {
      "name": "interview-autograding-template",
      "version": "0.1.0",
      "dependencies": {
        "@boyuan-autograder/interview-autograder": "github:Boyuan-Autograder/interview-autograder#v0.2.2"
      },
      "engines": {
        "node": ">=18"
      }
    },
    "node_modules/@boyuan-autograder/interview-autograder": {
      "version": "0.2.2",
      "resolved": "git+ssh://git@github.com/Boyuan-Autograder/interview-autograder.git#8a47968f4f3ba233b95d7c4d23ea651486effbb9",
      "license": "MIT",
      "bin": {
        "autograding": "dist/cli.js"
      },
      "engines": {
        "node": ">=18"
      }
    }
  }
}
